// !$*UTF8*$!
{
	archiveVersion = 1;
	classes = {
	};
	objectVersion = 77;
	objects = {

/* Begin PBXBuildFile section */
		261CDF192DD87BC000168C00 /* UseCases in Resources */ = {isa = PBXBuildFile; fileRef = 261CDF182DD87BC000168C00 /* UseCases */; };
		26D8CC3E2DD89120001178E2 /* ArchitectureKit in Frameworks */ = {isa = PBXBuildFile; productRef = 26D8CC3D2DD89120001178E2 /* ArchitectureKit */; };
		26D8CC402DD89120001178E2 /* Domain in Frameworks */ = {isa = PBXBuildFile; productRef = 26D8CC3F2DD89120001178E2 /* Domain */; };
		26D8CC422DD89120001178E2 /* StockDetails in Frameworks */ = {isa = PBXBuildFile; productRef = 26D8CC412DD89120001178E2 /* StockDetails */; };
		26D8CC442DD89120001178E2 /* StockList in Frameworks */ = {isa = PBXBuildFile; productRef = 26D8CC432DD89120001178E2 /* StockList */; };
		26D8CC462DD89120001178E2 /* UseCases in Frameworks */ = {isa = PBXBuildFile; productRef = 26D8CC452DD89120001178E2 /* UseCases */; };
		26D8CC482DD89120001178E2 /* UseCasesImpl in Frameworks */ = {isa = PBXBuildFile; productRef = 26D8CC472DD89120001178E2 /* UseCasesImpl */; };
		26D8CC502DD8AB8D001178E2 /* Services in Frameworks */ = {isa = PBXBuildFile; productRef = 26D8CC4F2DD8AB8D001178E2 /* Services */; };
/* End PBXBuildFile section */

/* Begin PBXContainerItemProxy section */
		261CDEE62DD8786E00168C00 /* PBXContainerItemProxy */ = {
			isa = PBXContainerItemProxy;
			containerPortal = 261CDED02DD8786D00168C00 /* Project object */;
			proxyType = 1;
			remoteGlobalIDString = 261CDED72DD8786D00168C00;
			remoteInfo = StockHomework;
		};
		261CDEF02DD8786E00168C00 /* PBXContainerItemProxy */ = {
			isa = PBXContainerItemProxy;
			containerPortal = 261CDED02DD8786D00168C00 /* Project object */;
			proxyType = 1;
			remoteGlobalIDString = 261CDED72DD8786D00168C00;
			remoteInfo = StockHomework;
		};
/* End PBXContainerItemProxy section */

/* Begin PBXFileReference section */
		261CDED82DD8786D00168C00 /* StockHomework.app */ = {isa = PBXFileReference; explicitFileType = wrapper.application; includeInIndex = 0; path = StockHomework.app; sourceTree = BUILT_PRODUCTS_DIR; };
		261CDEE52DD8786E00168C00 /* StockHomeworkTests.xctest */ = {isa = PBXFileReference; explicitFileType = wrapper.cfbundle; includeInIndex = 0; path = StockHomeworkTests.xctest; sourceTree = BUILT_PRODUCTS_DIR; };
		261CDEEF2DD8786E00168C00 /* StockHomeworkUITests.xctest */ = {isa = PBXFileReference; explicitFileType = wrapper.cfbundle; includeInIndex = 0; path = StockHomeworkUITests.xctest; sourceTree = BUILT_PRODUCTS_DIR; };
		261CDF0E2DD8790D00168C00 /* Domain */ = {isa = PBXFileReference; lastKnownFileType = wrapper; path = Domain; sourceTree = "<group>"; };
		261CDF122DD87AA700168C00 /* StockList */ = {isa = PBXFileReference; lastKnownFileType = wrapper; path = StockList; sourceTree = "<group>"; };
		261CDF132DD87ACE00168C00 /* StockDetails */ = {isa = PBXFileReference; lastKnownFileType = wrapper; path = StockDetails; sourceTree = "<group>"; };
		261CDF182DD87BC000168C00 /* UseCases */ = {isa = PBXFileReference; lastKnownFileType = wrapper; path = UseCases; sourceTree = "<group>"; };
		26D8CC4E2DD8A4C8001178E2 /* Services */ = {isa = PBXFileReference; lastKnownFileType = wrapper; path = Services; sourceTree = "<group>"; };
		26DFE5952DD87C6F00748E16 /* ArchitectureKit */ = {isa = PBXFileReference; lastKnownFileType = wrapper; path = ArchitectureKit; sourceTree = "<group>"; };
/* End PBXFileReference section */

/* Begin PBXFileSystemSynchronizedRootGroup section */
		261CDEDA2DD8786D00168C00 /* StockHomework */ = {
			isa = PBXFileSystemSynchronizedRootGroup;
			path = StockHomework;
			sourceTree = "<group>";
		};
/* End PBXFileSystemSynchronizedRootGroup section */

/* Begin PBXFrameworksBuildPhase section */
		261CDED52DD8786D00168C00 /* Frameworks */ = {
			isa = PBXFrameworksBuildPhase;
			buildActionMask = 2147483647;
			files = (
				26D8CC462DD89120001178E2 /* UseCases in Frameworks */,
				26D8CC402DD89120001178E2 /* Domain in Frameworks */,
				26D8CC482DD89120001178E2 /* UseCasesImpl in Frameworks */,
				26D8CC442DD89120001178E2 /* StockList in Frameworks */,
				26D8CC422DD89120001178E2 /* StockDetails in Frameworks */,
				26D8CC3E2DD89120001178E2 /* ArchitectureKit in Frameworks */,
				26D8CC502DD8AB8D001178E2 /* Services in Frameworks */,
			);
			runOnlyForDeploymentPostprocessing = 0;
		};
		261CDEE22DD8786E00168C00 /* Frameworks */ = {
			isa = PBXFrameworksBuildPhase;
			buildActionMask = 2147483647;
			files = (
			);
			runOnlyForDeploymentPostprocessing = 0;
		};
		261CDEEC2DD8786E00168C00 /* Frameworks */ = {
			isa = PBXFrameworksBuildPhase;
			buildActionMask = 2147483647;
			files = (
			);
			runOnlyForDeploymentPostprocessing = 0;
		};
/* End PBXFrameworksBuildPhase section */

/* Begin PBXGroup section */
		261CDECF2DD8786D00168C00 = {
			isa = PBXGroup;
			children = (
				26D8CC4E2DD8A4C8001178E2 /* Services */,
				26DFE5952DD87C6F00748E16 /* ArchitectureKit */,
				261CDF0E2DD8790D00168C00 /* Domain */,
				261CDF182DD87BC000168C00 /* UseCases */,
				261CDF112DD87A7A00168C00 /* Features */,
				261CDEDA2DD8786D00168C00 /* StockHomework */,
				26D8CC3C2DD89120001178E2 /* Frameworks */,
				261CDED92DD8786D00168C00 /* Products */,
			);
			sourceTree = "<group>";
		};
		261CDED92DD8786D00168C00 /* Products */ = {
			isa = PBXGroup;
			children = (
				261CDED82DD8786D00168C00 /* StockHomework.app */,
				261CDEE52DD8786E00168C00 /* StockHomeworkTests.xctest */,
				261CDEEF2DD8786E00168C00 /* StockHomeworkUITests.xctest */,
			);
			name = Products;
			sourceTree = "<group>";
		};
		261CDF112DD87A7A00168C00 /* Features */ = {
			isa = PBXGroup;
			children = (
				261CDF132DD87ACE00168C00 /* StockDetails */,
				261CDF122DD87AA700168C00 /* StockList */,
			);
			path = Features;
			sourceTree = "<group>";
		};
		26D8CC3C2DD89120001178E2 /* Frameworks */ = {
			isa = PBXGroup;
			children = (
			);
			name = Frameworks;
			sourceTree = "<group>";
		};
/* End PBXGroup section */

/* Begin PBXNativeTarget section */
		261CDED72DD8786D00168C00 /* StockHomework */ = {
			isa = PBXNativeTarget;
			buildConfigurationList = 261CDEF92DD8786E00168C00 /* Build configuration list for PBXNativeTarget "StockHomework" */;
			buildPhases = (
				261CDED42DD8786D00168C00 /* Sources */,
				261CDED52DD8786D00168C00 /* Frameworks */,
				261CDED62DD8786D00168C00 /* Resources */,
			);
			buildRules = (
			);
			dependencies = (
			);
			fileSystemSynchronizedGroups = (
				261CDEDA2DD8786D00168C00 /* StockHomework */,
			);
			name = StockHomework;
			packageProductDependencies = (
				26D8CC3D2DD89120001178E2 /* ArchitectureKit */,
				26D8CC3F2DD89120001178E2 /* Domain */,
				26D8CC412DD89120001178E2 /* StockDetails */,
				26D8CC432DD89120001178E2 /* StockList */,
				26D8CC452DD89120001178E2 /* UseCases */,
				26D8CC472DD89120001178E2 /* UseCasesImpl */,
				26D8CC4F2DD8AB8D001178E2 /* Services */,
			);
			productName = StockHomework;
			productReference = 261CDED82DD8786D00168C00 /* StockHomework.app */;
			productType = "com.apple.product-type.application";
		};
		261CDEE42DD8786E00168C00 /* StockHomeworkTests */ = {
			isa = PBXNativeTarget;
			buildConfigurationList = 261CDEFC2DD8786E00168C00 /* Build configuration list for PBXNativeTarget "StockHomeworkTests" */;
			buildPhases = (
				261CDEE12DD8786E00168C00 /* Sources */,
				261CDEE22DD8786E00168C00 /* Frameworks */,
				261CDEE32DD8786E00168C00 /* Resources */,
			);
			buildRules = (
			);
			dependencies = (
				261CDEE72DD8786E00168C00 /* PBXTargetDependency */,
			);
			name = StockHomeworkTests;
			packageProductDependencies = (
			);
			productName = StockHomeworkTests;
			productReference = 261CDEE52DD8786E00168C00 /* StockHomeworkTests.xctest */;
			productType = "com.apple.product-type.bundle.unit-test";
		};
		261CDEEE2DD8786E00168C00 /* StockHomeworkUITests */ = {
			isa = PBXNativeTarget;
			buildConfigurationList = 261CDEFF2DD8786E00168C00 /* Build configuration list for PBXNativeTarget "StockHomeworkUITests" */;
			buildPhases = (
				261CDEEB2DD8786E00168C00 /* Sources */,
				261CDEEC2DD8786E00168C00 /* Frameworks */,
				261CDEED2DD8786E00168C00 /* Resources */,
			);
			buildRules = (
			);
			dependencies = (
				261CDEF12DD8786E00168C00 /* PBXTargetDependency */,
			);
			name = StockHomeworkUITests;
			packageProductDependencies = (
			);
			productName = StockHomeworkUITests;
			productReference = 261CDEEF2DD8786E00168C00 /* StockHomeworkUITests.xctest */;
			productType = "com.apple.product-type.bundle.ui-testing";
		};
/* End PBXNativeTarget section */

/* Begin PBXProject section */
		261CDED02DD8786D00168C00 /* Project object */ = {
			isa = PBXProject;
			attributes = {
				BuildIndependentTargetsInParallel = 1;
				LastSwiftUpdateCheck = 1630;
				LastUpgradeCheck = 1630;
				TargetAttributes = {
					261CDED72DD8786D00168C00 = {
						CreatedOnToolsVersion = 16.3;
					};
					261CDEE42DD8786E00168C00 = {
						CreatedOnToolsVersion = 16.3;
						TestTargetID = 261CDED72DD8786D00168C00;
					};
					261CDEEE2DD8786E00168C00 = {
						CreatedOnToolsVersion = 16.3;
						TestTargetID = 261CDED72DD8786D00168C00;
					};
				};
			};
			buildConfigurationList = 261CDED32DD8786D00168C00 /* Build configuration list for PBXProject "StockHomework" */;
			developmentRegion = en;
			hasScannedForEncodings = 0;
			knownRegions = (
				en,
				Base,
			);
			mainGroup = 261CDECF2DD8786D00168C00;
			minimizedProjectReferenceProxies = 1;
			preferredProjectObjectVersion = 77;
			productRefGroup = 261CDED92DD8786D00168C00 /* Products */;
			projectDirPath = "";
			projectRoot = "";
			targets = (
				261CDED72DD8786D00168C00 /* StockHomework */,
				261CDEE42DD8786E00168C00 /* StockHomeworkTests */,
				261CDEEE2DD8786E00168C00 /* StockHomeworkUITests */,
			);
		};
/* End PBXProject section */

/* Begin PBXResourcesBuildPhase section */
		261CDED62DD8786D00168C00 /* Resources */ = {
			isa = PBXResourcesBuildPhase;
			buildActionMask = 2147483647;
			files = (
				261CDF192DD87BC000168C00 /* UseCases in Resources */,
			);
			runOnlyForDeploymentPostprocessing = 0;
		};
		261CDEE32DD8786E00168C00 /* Resources */ = {
			isa = PBXResourcesBuildPhase;
			buildActionMask = 2147483647;
			files = (
			);
			runOnlyForDeploymentPostprocessing = 0;
		};
		261CDEED2DD8786E00168C00 /* Resources */ = {
			isa = PBXResourcesBuildPhase;
			buildActionMask = 2147483647;
			files = (
			);
			runOnlyForDeploymentPostprocessing = 0;
		};
/* End PBXResourcesBuildPhase section */

/* Begin PBXSourcesBuildPhase section */
		261CDED42DD8786D00168C00 /* Sources */ = {
			isa = PBXSourcesBuildPhase;
			buildActionMask = 2147483647;
			files = (
			);
			runOnlyForDeploymentPostprocessing = 0;
		};
		261CDEE12DD8786E00168C00 /* Sources */ = {
			isa = PBXSourcesBuildPhase;
			buildActionMask = 2147483647;
			files = (
			);
			runOnlyForDeploymentPostprocessing = 0;
		};
		261CDEEB2DD8786E00168C00 /* Sources */ = {
			isa = PBXSourcesBuildPhase;
			buildActionMask = 2147483647;
			files = (
			);
			runOnlyForDeploymentPostprocessing = 0;
		};
/* End PBXSourcesBuildPhase section */

/* Begin PBXTargetDependency section */
		261CDEE72DD8786E00168C00 /* PBXTargetDependency */ = {
			isa = PBXTargetDependency;
			target = 261CDED72DD8786D00168C00 /* StockHomework */;
			targetProxy = 261CDEE62DD8786E00168C00 /* PBXContainerItemProxy */;
		};
		261CDEF12DD8786E00168C00 /* PBXTargetDependency */ = {
			isa = PBXTargetDependency;
			target = 261CDED72DD8786D00168C00 /* StockHomework */;
			targetProxy = 261CDEF02DD8786E00168C00 /* PBXContainerItemProxy */;
		};
/* End PBXTargetDependency section */

/* Begin XCBuildConfiguration section */
		261CDEF72DD8786E00168C00 /* Debug */ = {
			isa = XCBuildConfiguration;
			buildSettings = {
				ALWAYS_SEARCH_USER_PATHS = NO;
				ASSETCATALOG_COMPILER_GENERATE_SWIFT_ASSET_SYMBOL_EXTENSIONS = YES;
				CLANG_ANALYZER_NONNULL = YES;
				CLANG_ANALYZER_NUMBER_OBJECT_CONVERSION = YES_AGGRESSIVE;
				CLANG_CXX_LANGUAGE_STANDARD = "gnu++20";
				CLANG_ENABLE_MODULES = YES;
				CLANG_ENABLE_OBJC_ARC = YES;
				CLANG_ENABLE_OBJC_WEAK = YES;
				CLANG_WARN_BLOCK_CAPTURE_AUTORELEASING = YES;
				CLANG_WARN_BOOL_CONVERSION = YES;
				CLANG_WARN_COMMA = YES;
				CLANG_WARN_CONSTANT_CONVERSION = YES;
				CLANG_WARN_DEPRECATED_OBJC_IMPLEMENTATIONS = YES;
				CLANG_WARN_DIRECT_OBJC_ISA_USAGE = YES_ERROR;
				CLANG_WARN_DOCUMENTATION_COMMENTS = YES;
				CLANG_WARN_EMPTY_BODY = YES;
				CLANG_WARN_ENUM_CONVERSION = YES;
				CLANG_WARN_INFINITE_RECURSION = YES;
				CLANG_WARN_INT_CONVERSION = YES;
				CLANG_WARN_NON_LITERAL_NULL_CONVERSION = YES;
				CLANG_WARN_OBJC_IMPLICIT_RETAIN_SELF = YES;
				CLANG_WARN_OBJC_LITERAL_CONVERSION = YES;
				CLANG_WARN_OBJC_ROOT_CLASS = YES_ERROR;
				CLANG_WARN_QUOTED_INCLUDE_IN_FRAMEWORK_HEADER = YES;
				CLANG_WARN_RANGE_LOOP_ANALYSIS = YES;
				CLANG_WARN_STRICT_PROTOTYPES = YES;
				CLANG_WARN_SUSPICIOUS_MOVE = YES;
				CLANG_WARN_UNGUARDED_AVAILABILITY = YES_AGGRESSIVE;
				CLANG_WARN_UNREACHABLE_CODE = YES;
				CLANG_WARN__DUPLICATE_METHOD_MATCH = YES;
				COPY_PHASE_STRIP = NO;
				DEBUG_INFORMATION_FORMAT = dwarf;
				DEVELOPMENT_TEAM = TDUD5XR6HG;
				ENABLE_STRICT_OBJC_MSGSEND = YES;
				ENABLE_TESTABILITY = YES;
				ENABLE_USER_SCRIPT_SANDBOXING = YES;
				GCC_C_LANGUAGE_STANDARD = gnu17;
				GCC_DYNAMIC_NO_PIC = NO;
				GCC_NO_COMMON_BLOCKS = YES;
				GCC_OPTIMIZATION_LEVEL = 0;
				GCC_PREPROCESSOR_DEFINITIONS = (
					"DEBUG=1",
					"$(inherited)",
				);
				GCC_WARN_64_TO_32_BIT_CONVERSION = YES;
				GCC_WARN_ABOUT_RETURN_TYPE = YES_ERROR;
				GCC_WARN_UNDECLARED_SELECTOR = YES;
				GCC_WARN_UNINITIALIZED_AUTOS = YES_AGGRESSIVE;
				GCC_WARN_UNUSED_FUNCTION = YES;
				GCC_WARN_UNUSED_VARIABLE = YES;
				IPHONEOS_DEPLOYMENT_TARGET = 18.4;
				LOCALIZATION_PREFERS_STRING_CATALOGS = YES;
				MTL_ENABLE_DEBUG_INFO = INCLUDE_SOURCE;
				MTL_FAST_MATH = YES;
				ONLY_ACTIVE_ARCH = YES;
				SDKROOT = iphoneos;
				SWIFT_ACTIVE_COMPILATION_CONDITIONS = "DEBUG $(inherited)";
				SWIFT_OPTIMIZATION_LEVEL = "-Onone";
			};
			name = Debug;
		};
		261CDEF82DD8786E00168C00 /* Release */ = {
			isa = XCBuildConfiguration;
			buildSettings = {
				ALWAYS_SEARCH_USER_PATHS = NO;
				ASSETCATALOG_COMPILER_GENERATE_SWIFT_ASSET_SYMBOL_EXTENSIONS = YES;
				CLANG_ANALYZER_NONNULL = YES;
				CLANG_ANALYZER_NUMBER_OBJECT_CONVERSION = YES_AGGRESSIVE;
				CLANG_CXX_LANGUAGE_STANDARD = "gnu++20";
				CLANG_ENABLE_MODULES = YES;
				CLANG_ENABLE_OBJC_ARC = YES;
				CLANG_ENABLE_OBJC_WEAK = YES;
				CLANG_WARN_BLOCK_CAPTURE_AUTORELEASING = YES;
				CLANG_WARN_BOOL_CONVERSION = YES;
				CLANG_WARN_COMMA = YES;
				CLANG_WARN_CONSTANT_CONVERSION = YES;
				CLANG_WARN_DEPRECATED_OBJC_IMPLEMENTATIONS = YES;
				CLANG_WARN_DIRECT_OBJC_ISA_USAGE = YES_ERROR;
				CLANG_WARN_DOCUMENTATION_COMMENTS = YES;
				CLANG_WARN_EMPTY_BODY = YES;
				CLANG_WARN_ENUM_CONVERSION = YES;
				CLANG_WARN_INFINITE_RECURSION = YES;
				CLANG_WARN_INT_CONVERSION = YES;
				CLANG_WARN_NON_LITERAL_NULL_CONVERSION = YES;
				CLANG_WARN_OBJC_IMPLICIT_RETAIN_SELF = YES;
				CLANG_WARN_OBJC_LITERAL_CONVERSION = YES;
				CLANG_WARN_OBJC_ROOT_CLASS = YES_ERROR;
				CLANG_WARN_QUOTED_INCLUDE_IN_FRAMEWORK_HEADER = YES;
				CLANG_WARN_RANGE_LOOP_ANALYSIS = YES;
				CLANG_WARN_STRICT_PROTOTYPES = YES;
				CLANG_WARN_SUSPICIOUS_MOVE = YES;
				CLANG_WARN_UNGUARDED_AVAILABILITY = YES_AGGRESSIVE;
				CLANG_WARN_UNREACHABLE_CODE = YES;
				CLANG_WARN__DUPLICATE_METHOD_MATCH = YES;
				COPY_PHASE_STRIP = NO;
				DEBUG_INFORMATION_FORMAT = "dwarf-with-dsym";
				DEVELOPMENT_TEAM = TDUD5XR6HG;
				ENABLE_NS_ASSERTIONS = NO;
				ENABLE_STRICT_OBJC_MSGSEND = YES;
				ENABLE_USER_SCRIPT_SANDBOXING = YES;
				GCC_C_LANGUAGE_STANDARD = gnu17;
				GCC_NO_COMMON_BLOCKS = YES;
				GCC_WARN_64_TO_32_BIT_CONVERSION = YES;
				GCC_WARN_ABOUT_RETURN_TYPE = YES_ERROR;
				GCC_WARN_UNDECLARED_SELECTOR = YES;
				GCC_WARN_UNINITIALIZED_AUTOS = YES_AGGRESSIVE;
				GCC_WARN_UNUSED_FUNCTION = YES;
				GCC_WARN_UNUSED_VARIABLE = YES;
				IPHONEOS_DEPLOYMENT_TARGET = 18.4;
				LOCALIZATION_PREFERS_STRING_CATALOGS = YES;
				MTL_ENABLE_DEBUG_INFO = NO;
				MTL_FAST_MATH = YES;
				SDKROOT = iphoneos;
				SWIFT_COMPILATION_MODE = wholemodule;
				VALIDATE_PRODUCT = YES;
			};
			name = Release;
		};
		261CDEFA2DD8786E00168C00 /* Debug */ = {
			isa = XCBuildConfiguration;
			buildSettings = {
				ASSETCATALOG_COMPILER_APPICON_NAME = AppIcon;
				ASSETCATALOG_COMPILER_GLOBAL_ACCENT_COLOR_NAME = AccentColor;
				CODE_SIGN_STYLE = Automatic;
				CURRENT_PROJECT_VERSION = 1;
				DEVELOPMENT_TEAM = TDUD5XR6HG;
				ENABLE_PREVIEWS = YES;
				GENERATE_INFOPLIST_FILE = YES;
				INFOPLIST_KEY_UIApplicationSceneManifest_Generation = YES;
				INFOPLIST_KEY_UIApplicationSupportsIndirectInputEvents = YES;
				INFOPLIST_KEY_UILaunchScreen_Generation = YES;
				INFOPLIST_KEY_UISupportedInterfaceOrientations_iPad = "UIInterfaceOrientationPortrait UIInterfaceOrientationPortraitUpsideDown UIInterfaceOrientationLandscapeLeft UIInterfaceOrientationLandscapeRight";
				INFOPLIST_KEY_UISupportedInterfaceOrientations_iPhone = "UIInterfaceOrientationPortrait UIInterfaceOrientationLandscapeLeft UIInterfaceOrientationLandscapeRight";
				LD_RUNPATH_SEARCH_PATHS = (
					"$(inherited)",
					"@executable_path/Frameworks",
				);
				MARKETING_VERSION = 1.0;
				PRODUCT_BUNDLE_IDENTIFIER = com.maximBezdrobnoj.StockHomework;
				PRODUCT_NAME = "$(TARGET_NAME)";
				SWIFT_EMIT_LOC_STRINGS = YES;
				SWIFT_VERSION = 5.0;
				TARGETED_DEVICE_FAMILY = "1,2";
			};
			name = Debug;
		};
		261CDEFB2DD8786E00168C00 /* Release */ = {
			isa = XCBuildConfiguration;
			buildSettings = {
				ASSETCATALOG_COMPILER_APPICON_NAME = AppIcon;
				ASSETCATALOG_COMPILER_GLOBAL_ACCENT_COLOR_NAME = AccentColor;
				CODE_SIGN_STYLE = Automatic;
				CURRENT_PROJECT_VERSION = 1;
				DEVELOPMENT_TEAM = TDUD5XR6HG;
				ENABLE_PREVIEWS = YES;
				GENERATE_INFOPLIST_FILE = YES;
				INFOPLIST_KEY_UIApplicationSceneManifest_Generation = YES;
				INFOPLIST_KEY_UIApplicationSupportsIndirectInputEvents = YES;
				INFOPLIST_KEY_UILaunchScreen_Generation = YES;
				INFOPLIST_KEY_UISupportedInterfaceOrientations_iPad = "UIInterfaceOrientationPortrait UIInterfaceOrientationPortraitUpsideDown UIInterfaceOrientationLandscapeLeft UIInterfaceOrientationLandscapeRight";
				INFOPLIST_KEY_UISupportedInterfaceOrientations_iPhone = "UIInterfaceOrientationPortrait UIInterfaceOrientationLandscapeLeft UIInterfaceOrientationLandscapeRight";
				LD_RUNPATH_SEARCH_PATHS = (
					"$(inherited)",
					"@executable_path/Frameworks",
				);
				MARKETING_VERSION = 1.0;
				PRODUCT_BUNDLE_IDENTIFIER = com.maximBezdrobnoj.StockHomework;
				PRODUCT_NAME = "$(TARGET_NAME)";
				SWIFT_EMIT_LOC_STRINGS = YES;
				SWIFT_VERSION = 5.0;
				TARGETED_DEVICE_FAMILY = "1,2";
			};
			name = Release;
		};
		261CDEFD2DD8786E00168C00 /* Debug */ = {
			isa = XCBuildConfiguration;
			buildSettings = {
				BUNDLE_LOADER = "$(TEST_HOST)";
				CODE_SIGN_STYLE = Automatic;
				CURRENT_PROJECT_VERSION = 1;
				DEVELOPMENT_TEAM = TDUD5XR6HG;
				GENERATE_INFOPLIST_FILE = YES;
				IPHONEOS_DEPLOYMENT_TARGET = 18.4;
				MARKETING_VERSION = 1.0;
				PRODUCT_BUNDLE_IDENTIFIER = com.maximBezdrobnoj.StockHomeworkTests;
				PRODUCT_NAME = "$(TARGET_NAME)";
				SWIFT_EMIT_LOC_STRINGS = NO;
				SWIFT_VERSION = 5.0;
				TARGETED_DEVICE_FAMILY = "1,2";
				TEST_HOST = "$(BUILT_PRODUCTS_DIR)/StockHomework.app/$(BUNDLE_EXECUTABLE_FOLDER_PATH)/StockHomework";
			};
			name = Debug;
		};
		261CDEFE2DD8786E00168C00 /* Release */ = {
			isa = XCBuildConfiguration;
			buildSettings = {
				BUNDLE_LOADER = "$(TEST_HOST)";
				CODE_SIGN_STYLE = Automatic;
				CURRENT_PROJECT_VERSION = 1;
				DEVELOPMENT_TEAM = TDUD5XR6HG;
				GENERATE_INFOPLIST_FILE = YES;
				IPHONEOS_DEPLOYMENT_TARGET = 18.4;
				MARKETING_VERSION = 1.0;
				PRODUCT_BUNDLE_IDENTIFIER = com.maximBezdrobnoj.StockHomeworkTests;
				PRODUCT_NAME = "$(TARGET_NAME)";
				SWIFT_EMIT_LOC_STRINGS = NO;
				SWIFT_VERSION = 5.0;
				TARGETED_DEVICE_FAMILY = "1,2";
				TEST_HOST = "$(BUILT_PRODUCTS_DIR)/StockHomework.app/$(BUNDLE_EXECUTABLE_FOLDER_PATH)/StockHomework";
			};
			name = Release;
		};
		261CDF002DD8786E00168C00 /* Debug */ = {
			isa = XCBuildConfiguration;
			buildSettings = {
				CODE_SIGN_STYLE = Automatic;
				CURRENT_PROJECT_VERSION = 1;
				DEVELOPMENT_TEAM = TDUD5XR6HG;
				GENERATE_INFOPLIST_FILE = YES;
				MARKETING_VERSION = 1.0;
				PRODUCT_BUNDLE_IDENTIFIER = com.maximBezdrobnoj.StockHomeworkUITests;
				PRODUCT_NAME = "$(TARGET_NAME)";
				SWIFT_EMIT_LOC_STRINGS = NO;
				SWIFT_VERSION = 5.0;
				TARGETED_DEVICE_FAMILY = "1,2";
				TEST_TARGET_NAME = StockHomework;
			};
			name = Debug;
		};
		261CDF012DD8786E00168C00 /* Release */ = {
			isa = XCBuildConfiguration;
			buildSettings = {
				CODE_SIGN_STYLE = Automatic;
				CURRENT_PROJECT_VERSION = 1;
				DEVELOPMENT_TEAM = TDUD5XR6HG;
				GENERATE_INFOPLIST_FILE = YES;
				MARKETING_VERSION = 1.0;
				PRODUCT_BUNDLE_IDENTIFIER = com.maximBezdrobnoj.StockHomeworkUITests;
				PRODUCT_NAME = "$(TARGET_NAME)";
				SWIFT_EMIT_LOC_STRINGS = NO;
				SWIFT_VERSION = 5.0;
				TARGETED_DEVICE_FAMILY = "1,2";
				TEST_TARGET_NAME = StockHomework;
			};
			name = Release;
		};
/* End XCBuildConfiguration section */

/* Begin XCConfigurationList section */
		261CDED32DD8786D00168C00 /* Build configuration list for PBXProject "StockHomework" */ = {
			isa = XCConfigurationList;
			buildConfigurations = (
				261CDEF72DD8786E00168C00 /* Debug */,
				261CDEF82DD8786E00168C00 /* Release */,
			);
			defaultConfigurationIsVisible = 0;
			defaultConfigurationName = Release;
		};
		261CDEF92DD8786E00168C00 /* Build configuration list for PBXNativeTarget "StockHomework" */ = {
			isa = XCConfigurationList;
			buildConfigurations = (
				261CDEFA2DD8786E00168C00 /* Debug */,
				261CDEFB2DD8786E00168C00 /* Release */,
			);
			defaultConfigurationIsVisible = 0;
			defaultConfigurationName = Release;
		};
		261CDEFC2DD8786E00168C00 /* Build configuration list for PBXNativeTarget "StockHomeworkTests" */ = {
			isa = XCConfigurationList;
			buildConfigurations = (
				261CDEFD2DD8786E00168C00 /* Debug */,
				261CDEFE2DD8786E00168C00 /* Release */,
			);
			defaultConfigurationIsVisible = 0;
			defaultConfigurationName = Release;
		};
		261CDEFF2DD8786E00168C00 /* Build configuration list for PBXNativeTarget "StockHomeworkUITests" */ = {
			isa = XCConfigurationList;
			buildConfigurations = (
				261CDF002DD8786E00168C00 /* Debug */,
				261CDF012DD8786E00168C00 /* Release */,
			);
			defaultConfigurationIsVisible = 0;
			defaultConfigurationName = Release;
		};
/* End XCConfigurationList section */

/* Begin XCSwiftPackageProductDependency section */
		26D8CC3D2DD89120001178E2 /* ArchitectureKit */ = {
			isa = XCSwiftPackageProductDependency;
			productName = ArchitectureKit;
		};
		26D8CC3F2DD89120001178E2 /* Domain */ = {
			isa = XCSwiftPackageProductDependency;
			productName = Domain;
		};
		26D8CC412DD89120001178E2 /* StockDetails */ = {
			isa = XCSwiftPackageProductDependency;
			productName = StockDetails;
		};
		26D8CC432DD89120001178E2 /* StockList */ = {
			isa = XCSwiftPackageProductDependency;
			productName = StockList;
		};
		26D8CC452DD89120001178E2 /* UseCases */ = {
			isa = XCSwiftPackageProductDependency;
			productName = UseCases;
		};
		26D8CC472DD89120001178E2 /* UseCasesImpl */ = {
			isa = XCSwiftPackageProductDependency;
			productName = UseCasesImpl;
		};
		26D8CC4F2DD8AB8D001178E2 /* Services */ = {
			isa = XCSwiftPackageProductDependency;
			productName = Services;
		};
/* End XCSwiftPackageProductDependency section */
	};
	rootObject = 261CDED02DD8786D00168C00 /* Project object */;
}
